// !$*UTF8*$!
{
	archiveVersion = 1;
	classes = {
	};
	objectVersion = 46;
	objects = {

/* Begin PBXBuildFile section */
		212DBEC71D55160600A41C9B /* MessagesViewController.swift in Sources */ = {isa = PBXBuildFile; fileRef = 212DBEC61D55160600A41C9B /* MessagesViewController.swift */; };
		212DBEC91D551B2D00A41C9B /* Memo in Resources */ = {isa = PBXBuildFile; fileRef = 212DBEC81D551B2D00A41C9B /* Memo */; };
		212DBECB1D56021700A41C9B /* ProfileViewController.swift in Sources */ = {isa = PBXBuildFile; fileRef = 212DBECA1D56021700A41C9B /* ProfileViewController.swift */; };
		21831F301D5705FE002F26FD /* MessageSideView.xib in Resources */ = {isa = PBXBuildFile; fileRef = 21831F2F1D5705FE002F26FD /* MessageSideView.xib */; };
		21831F321D570ACE002F26FD /* MessageSideView.swift in Sources */ = {isa = PBXBuildFile; fileRef = 21831F311D570ACE002F26FD /* MessageSideView.swift */; };
		21C3F1CF1D5725E700BEA1BB /* UIViewExtension.swift in Sources */ = {isa = PBXBuildFile; fileRef = 21C3F1CE1D5725E700BEA1BB /* UIViewExtension.swift */; };
		21C3F1D11D57352500BEA1BB /* ArrayExtension.swift in Sources */ = {isa = PBXBuildFile; fileRef = 21C3F1D01D57352500BEA1BB /* ArrayExtension.swift */; };
		21C3F1D31D57377B00BEA1BB /* MessageHeaderView.xib in Resources */ = {isa = PBXBuildFile; fileRef = 21C3F1D21D57377B00BEA1BB /* MessageHeaderView.xib */; };
		21C3F1D51D57384A00BEA1BB /* MessageHeaderView.swift in Sources */ = {isa = PBXBuildFile; fileRef = 21C3F1D41D57384A00BEA1BB /* MessageHeaderView.swift */; };
		21C3F1D81D68579100BEA1BB /* TableCollectionViewController.swift in Sources */ = {isa = PBXBuildFile; fileRef = 21C3F1D71D68579100BEA1BB /* TableCollectionViewController.swift */; };
		21C3F1DB1D68665500BEA1BB /* TableCollectionViewController.storyboard in Resources */ = {isa = PBXBuildFile; fileRef = 21C3F1DA1D68665500BEA1BB /* TableCollectionViewController.storyboard */; };
		21C3F1DD1D692F5100BEA1BB /* CollectionViewCell.xib in Resources */ = {isa = PBXBuildFile; fileRef = 21C3F1DC1D692F5100BEA1BB /* CollectionViewCell.xib */; };
		21C3F1DF1D692F7400BEA1BB /* CollectionViewCell.swift in Sources */ = {isa = PBXBuildFile; fileRef = 21C3F1DE1D692F7400BEA1BB /* CollectionViewCell.swift */; };
		21C3F1E11D693BA000BEA1BB /* UILabelExtension.swift in Sources */ = {isa = PBXBuildFile; fileRef = 21C3F1E01D693BA000BEA1BB /* UILabelExtension.swift */; };
		21C3F1E31D69969900BEA1BB /* TableViewController.swift in Sources */ = {isa = PBXBuildFile; fileRef = 21C3F1E21D69969900BEA1BB /* TableViewController.swift */; };
		21C3F1E51D69A8C100BEA1BB /* TableViewCell.swift in Sources */ = {isa = PBXBuildFile; fileRef = 21C3F1E41D69A8C100BEA1BB /* TableViewCell.swift */; };
		21C3F1E71D69A8F500BEA1BB /* TableViewCell.xib in Resources */ = {isa = PBXBuildFile; fileRef = 21C3F1E61D69A8F500BEA1BB /* TableViewCell.xib */; };
		21C3F1EA1D69A9A100BEA1BB /* TableViewController.storyboard in Resources */ = {isa = PBXBuildFile; fileRef = 21C3F1E91D69A9A100BEA1BB /* TableViewController.storyboard */; };
		21C3F1EC1D69BBBF00BEA1BB /* SpaceCell.xib in Resources */ = {isa = PBXBuildFile; fileRef = 21C3F1EB1D69BBBF00BEA1BB /* SpaceCell.xib */; };
		21E546331D5504F10073719B /* AppDelegate.swift in Sources */ = {isa = PBXBuildFile; fileRef = 21E546321D5504F10073719B /* AppDelegate.swift */; };
		21E546351D5504F10073719B /* ViewController.swift in Sources */ = {isa = PBXBuildFile; fileRef = 21E546341D5504F10073719B /* ViewController.swift */; };
		21E546381D5504F10073719B /* Main.storyboard in Resources */ = {isa = PBXBuildFile; fileRef = 21E546361D5504F10073719B /* Main.storyboard */; };
		21E5463A1D5504F10073719B /* Assets.xcassets in Resources */ = {isa = PBXBuildFile; fileRef = 21E546391D5504F10073719B /* Assets.xcassets */; };
		21E5463D1D5504F10073719B /* LaunchScreen.storyboard in Resources */ = {isa = PBXBuildFile; fileRef = 21E5463B1D5504F10073719B /* LaunchScreen.storyboard */; };
		741637548138282C0A7F0CC3 /* Pods_Utility.framework in Frameworks */ = {isa = PBXBuildFile; fileRef = 9BE8C5BF4CBD7D1BC2304D82 /* Pods_Utility.framework */; };
/* End PBXBuildFile section */

/* Begin PBXFileReference section */
		212DBEC61D55160600A41C9B /* MessagesViewController.swift */ = {isa = PBXFileReference; fileEncoding = 4; lastKnownFileType = sourcecode.swift; path = MessagesViewController.swift; sourceTree = "<group>"; };
		212DBEC81D551B2D00A41C9B /* Memo */ = {isa = PBXFileReference; fileEncoding = 4; lastKnownFileType = text; path = Memo; sourceTree = "<group>"; };
		212DBECA1D56021700A41C9B /* ProfileViewController.swift */ = {isa = PBXFileReference; fileEncoding = 4; lastKnownFileType = sourcecode.swift; path = ProfileViewController.swift; sourceTree = "<group>"; };
		21831F2F1D5705FE002F26FD /* MessageSideView.xib */ = {isa = PBXFileReference; fileEncoding = 4; lastKnownFileType = file.xib; path = MessageSideView.xib; sourceTree = "<group>"; };
		21831F311D570ACE002F26FD /* MessageSideView.swift */ = {isa = PBXFileReference; fileEncoding = 4; lastKnownFileType = sourcecode.swift; path = MessageSideView.swift; sourceTree = "<group>"; };
		21C3F1CE1D5725E700BEA1BB /* UIViewExtension.swift */ = {isa = PBXFileReference; fileEncoding = 4; lastKnownFileType = sourcecode.swift; path = UIViewExtension.swift; sourceTree = "<group>"; };
		21C3F1D01D57352500BEA1BB /* ArrayExtension.swift */ = {isa = PBXFileReference; fileEncoding = 4; lastKnownFileType = sourcecode.swift; path = ArrayExtension.swift; sourceTree = "<group>"; };
		21C3F1D21D57377B00BEA1BB /* MessageHeaderView.xib */ = {isa = PBXFileReference; fileEncoding = 4; lastKnownFileType = file.xib; path = MessageHeaderView.xib; sourceTree = "<group>"; };
		21C3F1D41D57384A00BEA1BB /* MessageHeaderView.swift */ = {isa = PBXFileReference; fileEncoding = 4; lastKnownFileType = sourcecode.swift; path = MessageHeaderView.swift; sourceTree = "<group>"; };
		21C3F1D71D68579100BEA1BB /* TableCollectionViewController.swift */ = {isa = PBXFileReference; fileEncoding = 4; lastKnownFileType = sourcecode.swift; path = TableCollectionViewController.swift; sourceTree = "<group>"; };
		21C3F1DA1D68665500BEA1BB /* TableCollectionViewController.storyboard */ = {isa = PBXFileReference; fileEncoding = 4; lastKnownFileType = file.storyboard; path = TableCollectionViewController.storyboard; sourceTree = "<group>"; };
		21C3F1DC1D692F5100BEA1BB /* CollectionViewCell.xib */ = {isa = PBXFileReference; fileEncoding = 4; lastKnownFileType = file.xib; path = CollectionViewCell.xib; sourceTree = "<group>"; };
		21C3F1DE1D692F7400BEA1BB /* CollectionViewCell.swift */ = {isa = PBXFileReference; fileEncoding = 4; lastKnownFileType = sourcecode.swift; path = CollectionViewCell.swift; sourceTree = "<group>"; };
		21C3F1E01D693BA000BEA1BB /* UILabelExtension.swift */ = {isa = PBXFileReference; fileEncoding = 4; lastKnownFileType = sourcecode.swift; path = UILabelExtension.swift; sourceTree = "<group>"; };
		21C3F1E21D69969900BEA1BB /* TableViewController.swift */ = {isa = PBXFileReference; fileEncoding = 4; lastKnownFileType = sourcecode.swift; path = TableViewController.swift; sourceTree = "<group>"; };
		21C3F1E41D69A8C100BEA1BB /* TableViewCell.swift */ = {isa = PBXFileReference; fileEncoding = 4; lastKnownFileType = sourcecode.swift; path = TableViewCell.swift; sourceTree = "<group>"; };
		21C3F1E61D69A8F500BEA1BB /* TableViewCell.xib */ = {isa = PBXFileReference; fileEncoding = 4; lastKnownFileType = file.xib; path = TableViewCell.xib; sourceTree = "<group>"; };
		21C3F1E91D69A9A100BEA1BB /* TableViewController.storyboard */ = {isa = PBXFileReference; fileEncoding = 4; lastKnownFileType = file.storyboard; path = TableViewController.storyboard; sourceTree = "<group>"; };
		21C3F1EB1D69BBBF00BEA1BB /* SpaceCell.xib */ = {isa = PBXFileReference; fileEncoding = 4; lastKnownFileType = file.xib; path = SpaceCell.xib; sourceTree = "<group>"; };
		21E5462F1D5504F10073719B /* Utility.app */ = {isa = PBXFileReference; explicitFileType = wrapper.application; includeInIndex = 0; path = Utility.app; sourceTree = BUILT_PRODUCTS_DIR; };
		21E546321D5504F10073719B /* AppDelegate.swift */ = {isa = PBXFileReference; lastKnownFileType = sourcecode.swift; path = AppDelegate.swift; sourceTree = "<group>"; };
		21E546341D5504F10073719B /* ViewController.swift */ = {isa = PBXFileReference; lastKnownFileType = sourcecode.swift; path = ViewController.swift; sourceTree = "<group>"; };
		21E546371D5504F10073719B /* Base */ = {isa = PBXFileReference; lastKnownFileType = file.storyboard; name = Base; path = Base.lproj/Main.storyboard; sourceTree = "<group>"; };
		21E546391D5504F10073719B /* Assets.xcassets */ = {isa = PBXFileReference; lastKnownFileType = folder.assetcatalog; path = Assets.xcassets; sourceTree = "<group>"; };
		21E5463C1D5504F10073719B /* Base */ = {isa = PBXFileReference; lastKnownFileType = file.storyboard; name = Base; path = Base.lproj/LaunchScreen.storyboard; sourceTree = "<group>"; };
		21E5463E1D5504F10073719B /* Info.plist */ = {isa = PBXFileReference; lastKnownFileType = text.plist.xml; path = Info.plist; sourceTree = "<group>"; };
		64312B33DF4715CA5E528999 /* Pods-Utility.debug.xcconfig */ = {isa = PBXFileReference; includeInIndex = 1; lastKnownFileType = text.xcconfig; name = "Pods-Utility.debug.xcconfig"; path = "Pods/Target Support Files/Pods-Utility/Pods-Utility.debug.xcconfig"; sourceTree = "<group>"; };
		9BE8C5BF4CBD7D1BC2304D82 /* Pods_Utility.framework */ = {isa = PBXFileReference; explicitFileType = wrapper.framework; includeInIndex = 0; path = Pods_Utility.framework; sourceTree = BUILT_PRODUCTS_DIR; };
		DAD3ED56775F61A6F65BCD82 /* Pods-Utility.release.xcconfig */ = {isa = PBXFileReference; includeInIndex = 1; lastKnownFileType = text.xcconfig; name = "Pods-Utility.release.xcconfig"; path = "Pods/Target Support Files/Pods-Utility/Pods-Utility.release.xcconfig"; sourceTree = "<group>"; };
/* End PBXFileReference section */

/* Begin PBXFrameworksBuildPhase section */
		21E5462C1D5504F10073719B /* Frameworks */ = {
			isa = PBXFrameworksBuildPhase;
			buildActionMask = 2147483647;
			files = (
				741637548138282C0A7F0CC3 /* Pods_Utility.framework in Frameworks */,
			);
			runOnlyForDeploymentPostprocessing = 0;
		};
/* End PBXFrameworksBuildPhase section */

/* Begin PBXGroup section */
		21C3F1D61D6854C900BEA1BB /* Utility */ = {
			isa = PBXGroup;
			children = (
				21C3F1CE1D5725E700BEA1BB /* UIViewExtension.swift */,
				21C3F1D01D57352500BEA1BB /* ArrayExtension.swift */,
				21C3F1E01D693BA000BEA1BB /* UILabelExtension.swift */,
				21C3F1EB1D69BBBF00BEA1BB /* SpaceCell.xib */,
			);
			name = Utility;
			sourceTree = "<group>";
		};
		21C3F1D91D68655400BEA1BB /* JSQMessagesViewController */ = {
			isa = PBXGroup;
			children = (
				212DBEC61D55160600A41C9B /* MessagesViewController.swift */,
				21831F311D570ACE002F26FD /* MessageSideView.swift */,
				21831F2F1D5705FE002F26FD /* MessageSideView.xib */,
				21C3F1D21D57377B00BEA1BB /* MessageHeaderView.xib */,
				21C3F1D41D57384A00BEA1BB /* MessageHeaderView.swift */,
				212DBECA1D56021700A41C9B /* ProfileViewController.swift */,
			);
			name = JSQMessagesViewController;
			sourceTree = "<group>";
		};
		21C3F1E81D69A98800BEA1BB /* TableViewController */ = {
			isa = PBXGroup;
			children = (
				21C3F1E21D69969900BEA1BB /* TableViewController.swift */,
				21C3F1E91D69A9A100BEA1BB /* TableViewController.storyboard */,
				21C3F1E41D69A8C100BEA1BB /* TableViewCell.swift */,
				21C3F1E61D69A8F500BEA1BB /* TableViewCell.xib */,
			);
			name = TableViewController;
			sourceTree = "<group>";
		};
		21E546261D5504F10073719B = {
			isa = PBXGroup;
			children = (
				21E546311D5504F10073719B /* Utility */,
				21E546301D5504F10073719B /* Products */,
				31EB596555449B40F51C2A96 /* Pods */,
				3D38A51EC0B696CE9238ABA7 /* Frameworks */,
			);
			sourceTree = "<group>";
		};
		21E546301D5504F10073719B /* Products */ = {
			isa = PBXGroup;
			children = (
				21E5462F1D5504F10073719B /* Utility.app */,
			);
			name = Products;
			sourceTree = "<group>";
		};
		21E546311D5504F10073719B /* Utility */ = {
			isa = PBXGroup;
			children = (
				21E546321D5504F10073719B /* AppDelegate.swift */,
				212DBEC81D551B2D00A41C9B /* Memo */,
				21E546341D5504F10073719B /* ViewController.swift */,
				21C3F1D91D68655400BEA1BB /* JSQMessagesViewController */,
				21C3F1D71D68579100BEA1BB /* TableCollectionViewController.swift */,
				21C3F1E81D69A98800BEA1BB /* TableViewController */,
				21C3F1DC1D692F5100BEA1BB /* CollectionViewCell.xib */,
				21C3F1DE1D692F7400BEA1BB /* CollectionViewCell.swift */,
				21C3F1DA1D68665500BEA1BB /* TableCollectionViewController.storyboard */,
				21C3F1D61D6854C900BEA1BB /* Utility */,
				21E546361D5504F10073719B /* Main.storyboard */,
				21E546391D5504F10073719B /* Assets.xcassets */,
				21E5463B1D5504F10073719B /* LaunchScreen.storyboard */,
				21E5463E1D5504F10073719B /* Info.plist */,
			);
			path = Utility;
			sourceTree = "<group>";
		};
		31EB596555449B40F51C2A96 /* Pods */ = {
			isa = PBXGroup;
			children = (
				64312B33DF4715CA5E528999 /* Pods-Utility.debug.xcconfig */,
				DAD3ED56775F61A6F65BCD82 /* Pods-Utility.release.xcconfig */,
			);
			name = Pods;
			sourceTree = "<group>";
		};
		3D38A51EC0B696CE9238ABA7 /* Frameworks */ = {
			isa = PBXGroup;
			children = (
				9BE8C5BF4CBD7D1BC2304D82 /* Pods_Utility.framework */,
			);
			name = Frameworks;
			sourceTree = "<group>";
		};
/* End PBXGroup section */

/* Begin PBXNativeTarget section */
		21E5462E1D5504F10073719B /* Utility */ = {
			isa = PBXNativeTarget;
			buildConfigurationList = 21E546411D5504F10073719B /* Build configuration list for PBXNativeTarget "Utility" */;
			buildPhases = (
				26547937C2AE78EE1DB91E27 /* [CP] Check Pods Manifest.lock */,
				21E5462B1D5504F10073719B /* Sources */,
				21E5462C1D5504F10073719B /* Frameworks */,
				21E5462D1D5504F10073719B /* Resources */,
				ADF3DACD7E5E89E548D1DC79 /* [CP] Embed Pods Frameworks */,
				34115B0975E94B73F47C5951 /* [CP] Copy Pods Resources */,
			);
			buildRules = (
			);
			dependencies = (
			);
			name = Utility;
			productName = Utility;
			productReference = 21E5462F1D5504F10073719B /* Utility.app */;
			productType = "com.apple.product-type.application";
		};
/* End PBXNativeTarget section */

/* Begin PBXProject section */
		21E546271D5504F10073719B /* Project object */ = {
			isa = PBXProject;
			attributes = {
				LastSwiftUpdateCheck = 0730;
				LastUpgradeCheck = 0730;
				ORGANIZATIONNAME = "藤田勝司";
				TargetAttributes = {
					21E5462E1D5504F10073719B = {
						CreatedOnToolsVersion = 7.3;
					};
				};
			};
			buildConfigurationList = 21E5462A1D5504F10073719B /* Build configuration list for PBXProject "Utility" */;
			compatibilityVersion = "Xcode 3.2";
			developmentRegion = English;
			hasScannedForEncodings = 0;
			knownRegions = (
				en,
				Base,
			);
			mainGroup = 21E546261D5504F10073719B;
			productRefGroup = 21E546301D5504F10073719B /* Products */;
			projectDirPath = "";
			projectRoot = "";
			targets = (
				21E5462E1D5504F10073719B /* Utility */,
			);
		};
/* End PBXProject section */

/* Begin PBXResourcesBuildPhase section */
		21E5462D1D5504F10073719B /* Resources */ = {
			isa = PBXResourcesBuildPhase;
			buildActionMask = 2147483647;
			files = (
				21831F301D5705FE002F26FD /* MessageSideView.xib in Resources */,
				21C3F1DB1D68665500BEA1BB /* TableCollectionViewController.storyboard in Resources */,
				21C3F1EA1D69A9A100BEA1BB /* TableViewController.storyboard in Resources */,
				21E5463D1D5504F10073719B /* LaunchScreen.storyboard in Resources */,
				21E5463A1D5504F10073719B /* Assets.xcassets in Resources */,
				21C3F1E71D69A8F500BEA1BB /* TableViewCell.xib in Resources */,
				212DBEC91D551B2D00A41C9B /* Memo in Resources */,
				21E546381D5504F10073719B /* Main.storyboard in Resources */,
				21C3F1EC1D69BBBF00BEA1BB /* SpaceCell.xib in Resources */,
				21C3F1DD1D692F5100BEA1BB /* CollectionViewCell.xib in Resources */,
				21C3F1D31D57377B00BEA1BB /* MessageHeaderView.xib in Resources */,
			);
			runOnlyForDeploymentPostprocessing = 0;
		};
/* End PBXResourcesBuildPhase section */

/* Begin PBXShellScriptBuildPhase section */
		26547937C2AE78EE1DB91E27 /* [CP] Check Pods Manifest.lock */ = {
			isa = PBXShellScriptBuildPhase;
			buildActionMask = 2147483647;
			files = (
			);
			inputPaths = (
			);
			name = "[CP] Check Pods Manifest.lock";
			outputPaths = (
			);
			runOnlyForDeploymentPostprocessing = 0;
			shellPath = /bin/sh;
			shellScript = "diff \"${PODS_ROOT}/../Podfile.lock\" \"${PODS_ROOT}/Manifest.lock\" > /dev/null\nif [[ $? != 0 ]] ; then\n    cat << EOM\nerror: The sandbox is not in sync with the Podfile.lock. Run 'pod install' or update your CocoaPods installation.\nEOM\n    exit 1\nfi\n";
			showEnvVarsInLog = 0;
		};
		34115B0975E94B73F47C5951 /* [CP] Copy Pods Resources */ = {
			isa = PBXShellScriptBuildPhase;
			buildActionMask = 2147483647;
			files = (
			);
			inputPaths = (
			);
			name = "[CP] Copy Pods Resources";
			outputPaths = (
			);
			runOnlyForDeploymentPostprocessing = 0;
			shellPath = /bin/sh;
			shellScript = "\"${SRCROOT}/Pods/Target Support Files/Pods-Utility/Pods-Utility-resources.sh\"\n";
			showEnvVarsInLog = 0;
		};
		ADF3DACD7E5E89E548D1DC79 /* [CP] Embed Pods Frameworks */ = {
			isa = PBXShellScriptBuildPhase;
			buildActionMask = 2147483647;
			files = (
			);
			inputPaths = (
			);
			name = "[CP] Embed Pods Frameworks";
			outputPaths = (
			);
			runOnlyForDeploymentPostprocessing = 0;
			shellPath = /bin/sh;
			shellScript = "\"${SRCROOT}/Pods/Target Support Files/Pods-Utility/Pods-Utility-frameworks.sh\"\n";
			showEnvVarsInLog = 0;
		};
/* End PBXShellScriptBuildPhase section */

/* Begin PBXSourcesBuildPhase section */
		21E5462B1D5504F10073719B /* Sources */ = {
			isa = PBXSourcesBuildPhase;
			buildActionMask = 2147483647;
			files = (
				21C3F1E51D69A8C100BEA1BB /* TableViewCell.swift in Sources */,
				21C3F1DF1D692F7400BEA1BB /* CollectionViewCell.swift in Sources */,
				21C3F1D81D68579100BEA1BB /* TableCollectionViewController.swift in Sources */,
				21C3F1CF1D5725E700BEA1BB /* UIViewExtension.swift in Sources */,
				21E546351D5504F10073719B /* ViewController.swift in Sources */,
				21831F321D570ACE002F26FD /* MessageSideView.swift in Sources */,
				21C3F1D51D57384A00BEA1BB /* MessageHeaderView.swift in Sources */,
				212DBEC71D55160600A41C9B /* MessagesViewController.swift in Sources */,
				21C3F1E31D69969900BEA1BB /* TableViewController.swift in Sources */,
				21C3F1D11D57352500BEA1BB /* ArrayExtension.swift in Sources */,
				212DBECB1D56021700A41C9B /* ProfileViewController.swift in Sources */,
				21C3F1E11D693BA000BEA1BB /* UILabelExtension.swift in Sources */,
				21E546331D5504F10073719B /* AppDelegate.swift in Sources */,
			);
			runOnlyForDeploymentPostprocessing = 0;
		};
/* End PBXSourcesBuildPhase section */

/* Begin PBXVariantGroup section */
		21E546361D5504F10073719B /* Main.storyboard */ = {
			isa = PBXVariantGroup;
			children = (
				21E546371D5504F10073719B /* Base */,
			);
			name = Main.storyboard;
			sourceTree = "<group>";
		};
		21E5463B1D5504F10073719B /* LaunchScreen.storyboard */ = {
			isa = PBXVariantGroup;
			children = (
				21E5463C1D5504F10073719B /* Base */,
			);
			name = LaunchScreen.storyboard;
			sourceTree = "<group>";
		};
/* End PBXVariantGroup section */

/* Begin XCBuildConfiguration section */
		21E5463F1D5504F10073719B /* Debug */ = {
			isa = XCBuildConfiguration;
			buildSettings = {
				ALWAYS_SEARCH_USER_PATHS = NO;
				CLANG_ANALYZER_NONNULL = YES;
				CLANG_CXX_LANGUAGE_STANDARD = "gnu++0x";
				CLANG_CXX_LIBRARY = "libc++";
				CLANG_ENABLE_MODULES = YES;
				CLANG_ENABLE_OBJC_ARC = YES;
				CLANG_WARN_BOOL_CONVERSION = YES;
				CLANG_WARN_CONSTANT_CONVERSION = YES;
				CLANG_WARN_DIRECT_OBJC_ISA_USAGE = YES_ERROR;
				CLANG_WARN_EMPTY_BODY = YES;
				CLANG_WARN_ENUM_CONVERSION = YES;
				CLANG_WARN_INT_CONVERSION = YES;
				CLANG_WARN_OBJC_ROOT_CLASS = YES_ERROR;
				CLANG_WARN_UNREACHABLE_CODE = YES;
				CLANG_WARN__DUPLICATE_METHOD_MATCH = YES;
				"CODE_SIGN_IDENTITY[sdk=iphoneos*]" = "iPhone Developer";
				COPY_PHASE_STRIP = NO;
				DEBUG_INFORMATION_FORMAT = dwarf;
				ENABLE_STRICT_OBJC_MSGSEND = YES;
				ENABLE_TESTABILITY = YES;
				GCC_C_LANGUAGE_STANDARD = gnu99;
				GCC_DYNAMIC_NO_PIC = NO;
				GCC_NO_COMMON_BLOCKS = YES;
				GCC_OPTIMIZATION_LEVEL = 0;
				GCC_PREPROCESSOR_DEFINITIONS = (
					"DEBUG=1",
					"$(inherited)",
				);
				GCC_WARN_64_TO_32_BIT_CONVERSION = YES;
				GCC_WARN_ABOUT_RETURN_TYPE = YES_ERROR;
				GCC_WARN_UNDECLARED_SELECTOR = YES;
				GCC_WARN_UNINITIALIZED_AUTOS = YES_AGGRESSIVE;
				GCC_WARN_UNUSED_FUNCTION = YES;
				GCC_WARN_UNUSED_VARIABLE = YES;
				IPHONEOS_DEPLOYMENT_TARGET = 9.3;
				MTL_ENABLE_DEBUG_INFO = YES;
				ONLY_ACTIVE_ARCH = YES;
				SDKROOT = iphoneos;
				SWIFT_OPTIMIZATION_LEVEL = "-Onone";
			};
			name = Debug;
		};
		21E546401D5504F10073719B /* Release */ = {
			isa = XCBuildConfiguration;
			buildSettings = {
				ALWAYS_SEARCH_USER_PATHS = NO;
				CLANG_ANALYZER_NONNULL = YES;
				CLANG_CXX_LANGUAGE_STANDARD = "gnu++0x";
				CLANG_CXX_LIBRARY = "libc++";
				CLANG_ENABLE_MODULES = YES;
				CLANG_ENABLE_OBJC_ARC = YES;
				CLANG_WARN_BOOL_CONVERSION = YES;
				CLANG_WARN_CONSTANT_CONVERSION = YES;
				CLANG_WARN_DIRECT_OBJC_ISA_USAGE = YES_ERROR;
				CLANG_WARN_EMPTY_BODY = YES;
				CLANG_WARN_ENUM_CONVERSION = YES;
				CLANG_WARN_INT_CONVERSION = YES;
				CLANG_WARN_OBJC_ROOT_CLASS = YES_ERROR;
				CLANG_WARN_UNREACHABLE_CODE = YES;
				CLANG_WARN__DUPLICATE_METHOD_MATCH = YES;
				"CODE_SIGN_IDENTITY[sdk=iphoneos*]" = "iPhone Developer";
				COPY_PHASE_STRIP = NO;
				DEBUG_INFORMATION_FORMAT = "dwarf-with-dsym";
				ENABLE_NS_ASSERTIONS = NO;
				ENABLE_STRICT_OBJC_MSGSEND = YES;
				GCC_C_LANGUAGE_STANDARD = gnu99;
				GCC_NO_COMMON_BLOCKS = YES;
				GCC_WARN_64_TO_32_BIT_CONVERSION = YES;
				GCC_WARN_ABOUT_RETURN_TYPE = YES_ERROR;
				GCC_WARN_UNDECLARED_SELECTOR = YES;
				GCC_WARN_UNINITIALIZED_AUTOS = YES_AGGRESSIVE;
				GCC_WARN_UNUSED_FUNCTION = YES;
				GCC_WARN_UNUSED_VARIABLE = YES;
				IPHONEOS_DEPLOYMENT_TARGET = 9.3;
				MTL_ENABLE_DEBUG_INFO = NO;
				SDKROOT = iphoneos;
				VALIDATE_PRODUCT = YES;
			};
			name = Release;
		};
		21E546421D5504F10073719B /* Debug */ = {
			isa = XCBuildConfiguration;
			baseConfigurationReference = 64312B33DF4715CA5E528999 /* Pods-Utility.debug.xcconfig */;
			buildSettings = {
				ASSETCATALOG_COMPILER_APPICON_NAME = AppIcon;
				INFOPLIST_FILE = Utility/Info.plist;
				LD_RUNPATH_SEARCH_PATHS = "$(inherited) @executable_path/Frameworks";
				PRODUCT_BUNDLE_IDENTIFIER = com.test.Utility;
				PRODUCT_NAME = "$(TARGET_NAME)";
			};
			name = Debug;
		};
		21E546431D5504F10073719B /* Release */ = {
			isa = XCBuildConfiguration;
			baseConfigurationReference = DAD3ED56775F61A6F65BCD82 /* Pods-Utility.release.xcconfig */;
			buildSettings = {
				ASSETCATALOG_COMPILER_APPICON_NAME = AppIcon;
				INFOPLIST_FILE = Utility/Info.plist;
				LD_RUNPATH_SEARCH_PATHS = "$(inherited) @executable_path/Frameworks";
				PRODUCT_BUNDLE_IDENTIFIER = com.test.Utility;
				PRODUCT_NAME = "$(TARGET_NAME)";
			};
			name = Release;
		};
/* End XCBuildConfiguration section */

/* Begin XCConfigurationList section */
		21E5462A1D5504F10073719B /* Build configuration list for PBXProject "Utility" */ = {
			isa = XCConfigurationList;
			buildConfigurations = (
				21E5463F1D5504F10073719B /* Debug */,
				21E546401D5504F10073719B /* Release */,
			);
			defaultConfigurationIsVisible = 0;
			defaultConfigurationName = Release;
		};
		21E546411D5504F10073719B /* Build configuration list for PBXNativeTarget "Utility" */ = {
			isa = XCConfigurationList;
			buildConfigurations = (
				21E546421D5504F10073719B /* Debug */,
				21E546431D5504F10073719B /* Release */,
			);
			defaultConfigurationIsVisible = 0;
			defaultConfigurationName = Release;
		};
/* End XCConfigurationList section */
	};
	rootObject = 21E546271D5504F10073719B /* Project object */;
}
